{
  "pins" : [
    {
      "identity" : "iqkeyboardmanager",
      "kind" : "remoteSourceControl",
      "location" : "https://github.com/hackiftekhar/IQKeyboardManager.git",
      "state" : {
        "branch" : "master",
        "revision" : "6f357ea18e0da4e089368da3b2b278d09102df65"
      }
    }
  ],
  "version" : 2
}
