// !$*UTF8*$!
{
	archiveVersion = 1;
	classes = {
	};
	objectVersion = 56;
	objects = {

/* Begin PBXBuildFile section */
		180AD3592B055E0F00FE9B5F /* UserModel.swift in Sources */ = {isa = PBXBuildFile; fileRef = 180AD3582B055E0F00FE9B5F /* UserModel.swift */; };
		180AD35D2B056DE200FE9B5F /* MainViewController.swift in Sources */ = {isa = PBXBuildFile; fileRef = 180AD35C2B056DE200FE9B5F /* MainViewController.swift */; };
		180AD35F2B056DF400FE9B5F /* MainViewModel.swift in Sources */ = {isa = PBXBuildFile; fileRef = 180AD35E2B056DF400FE9B5F /* MainViewModel.swift */; };
		188088072B063FC700B2A66E /* BookViewController.swift in Sources */ = {isa = PBXBuildFile; fileRef = 188088062B063FC700B2A66E /* BookViewController.swift */; };
		188088092B06421F00B2A66E /* richDad.pdf in Resources */ = {isa = PBXBuildFile; fileRef = 188088082B06421F00B2A66E /* richDad.pdf */; };
		1880880D2B06677A00B2A66E /* IQKeyboardManagerSwift in Frameworks */ = {isa = PBXBuildFile; productRef = 1880880C2B06677A00B2A66E /* IQKeyboardManagerSwift */; };
		188088102B06697900B2A66E /* TextField.swift in Sources */ = {isa = PBXBuildFile; fileRef = 1880880F2B06697900B2A66E /* TextField.swift */; };
		188088122B069D5000B2A66E /* MapService.swift in Sources */ = {isa = PBXBuildFile; fileRef = 188088112B069D5000B2A66E /* MapService.swift */; };
		188E79952B0420C000CBAF36 /* AppDelegate.swift in Sources */ = {isa = PBXBuildFile; fileRef = 188E79942B0420C000CBAF36 /* AppDelegate.swift */; };
		188E79972B0420C000CBAF36 /* SceneDelegate.swift in Sources */ = {isa = PBXBuildFile; fileRef = 188E79962B0420C000CBAF36 /* SceneDelegate.swift */; };
		188E79992B0420C000CBAF36 /* BooksViewController.swift in Sources */ = {isa = PBXBuildFile; fileRef = 188E79982B0420C000CBAF36 /* BooksViewController.swift */; };
		188E799E2B0420C200CBAF36 /* Assets.xcassets in Resources */ = {isa = PBXBuildFile; fileRef = 188E799D2B0420C200CBAF36 /* Assets.xcassets */; };
		188E79A12B0420C200CBAF36 /* LaunchScreen.storyboard in Resources */ = {isa = PBXBuildFile; fileRef = 188E799F2B0420C200CBAF36 /* LaunchScreen.storyboard */; };
		188E79AA2B04231D00CBAF36 /* AppCoordinator.swift in Sources */ = {isa = PBXBuildFile; fileRef = 188E79A92B04231D00CBAF36 /* AppCoordinator.swift */; };
		188E79B42B04243800CBAF36 /* BooksCellViewModel.swift in Sources */ = {isa = PBXBuildFile; fileRef = 188E79B32B04243800CBAF36 /* BooksCellViewModel.swift */; };
		18EC94482B04F8D800B9E432 /* ControllerFactory.swift in Sources */ = {isa = PBXBuildFile; fileRef = 18EC94472B04F8D800B9E432 /* ControllerFactory.swift */; };
		18EC944B2B05029700B9E432 /* BooksCollectionViewCell.swift in Sources */ = {isa = PBXBuildFile; fileRef = 18EC944A2B05029700B9E432 /* BooksCollectionViewCell.swift */; };
		18EC944F2B05335800B9E432 /* Constants.swift in Sources */ = {isa = PBXBuildFile; fileRef = 18EC944E2B05335800B9E432 /* Constants.swift */; };
		18EC94532B05385800B9E432 /* BooksViewModel.swift in Sources */ = {isa = PBXBuildFile; fileRef = 18EC94522B05385800B9E432 /* BooksViewModel.swift */; };
		18EC94562B05391300B9E432 /* UserManager.swift in Sources */ = {isa = PBXBuildFile; fileRef = 18EC94552B05391300B9E432 /* UserManager.swift */; };
		18EC94592B053A5300B9E432 /* RegistrationViewController.swift in Sources */ = {isa = PBXBuildFile; fileRef = 18EC94582B053A5300B9E432 /* RegistrationViewController.swift */; };
		18EC945B2B053ACB00B9E432 /* RegistrationViewModel.swift in Sources */ = {isa = PBXBuildFile; fileRef = 18EC945A2B053ACB00B9E432 /* RegistrationViewModel.swift */; };
		18EC945F2B05443400B9E432 /* TextFieldsCollectionViewCell.swift in Sources */ = {isa = PBXBuildFile; fileRef = 18EC945E2B05443400B9E432 /* TextFieldsCollectionViewCell.swift */; };
		18EC94632B0544C300B9E432 /* TextFieldsCollectionViewCellViewModel.swift in Sources */ = {isa = PBXBuildFile; fileRef = 18EC94622B0544C300B9E432 /* TextFieldsCollectionViewCellViewModel.swift */; };
		18EC94672B05529800B9E432 /* SwitchCollectionViewCell.swift in Sources */ = {isa = PBXBuildFile; fileRef = 18EC94662B05529800B9E432 /* SwitchCollectionViewCell.swift */; };
		18EC946A2B05553D00B9E432 /* ButtonCollectionViewCell.swift in Sources */ = {isa = PBXBuildFile; fileRef = 18EC94692B05553D00B9E432 /* ButtonCollectionViewCell.swift */; };
/* End PBXBuildFile section */

/* Begin PBXFileReference section */
		180AD3582B055E0F00FE9B5F /* UserModel.swift */ = {isa = PBXFileReference; lastKnownFileType = sourcecode.swift; path = UserModel.swift; sourceTree = "<group>"; };
		180AD35C2B056DE200FE9B5F /* MainViewController.swift */ = {isa = PBXFileReference; lastKnownFileType = sourcecode.swift; path = MainViewController.swift; sourceTree = "<group>"; };
		180AD35E2B056DF400FE9B5F /* MainViewModel.swift */ = {isa = PBXFileReference; lastKnownFileType = sourcecode.swift; path = MainViewModel.swift; sourceTree = "<group>"; };
		188088062B063FC700B2A66E /* BookViewController.swift */ = {isa = PBXFileReference; lastKnownFileType = sourcecode.swift; path = BookViewController.swift; sourceTree = "<group>"; };
		188088082B06421F00B2A66E /* richDad.pdf */ = {isa = PBXFileReference; lastKnownFileType = image.pdf; path = richDad.pdf; sourceTree = "<group>"; };
		1880880F2B06697900B2A66E /* TextField.swift */ = {isa = PBXFileReference; lastKnownFileType = sourcecode.swift; path = TextField.swift; sourceTree = "<group>"; };
		188088112B069D5000B2A66E /* MapService.swift */ = {isa = PBXFileReference; lastKnownFileType = sourcecode.swift; path = MapService.swift; sourceTree = "<group>"; };
		188E79912B0420C000CBAF36 /* Tozbe.app */ = {isa = PBXFileReference; explicitFileType = wrapper.application; includeInIndex = 0; path = Tozbe.app; sourceTree = BUILT_PRODUCTS_DIR; };
		188E79942B0420C000CBAF36 /* AppDelegate.swift */ = {isa = PBXFileReference; lastKnownFileType = sourcecode.swift; path = AppDelegate.swift; sourceTree = "<group>"; };
		188E79962B0420C000CBAF36 /* SceneDelegate.swift */ = {isa = PBXFileReference; lastKnownFileType = sourcecode.swift; path = SceneDelegate.swift; sourceTree = "<group>"; };
		188E79982B0420C000CBAF36 /* BooksViewController.swift */ = {isa = PBXFileReference; lastKnownFileType = sourcecode.swift; path = BooksViewController.swift; sourceTree = "<group>"; };
		188E799D2B0420C200CBAF36 /* Assets.xcassets */ = {isa = PBXFileReference; lastKnownFileType = folder.assetcatalog; path = Assets.xcassets; sourceTree = "<group>"; };
		188E79A02B0420C200CBAF36 /* Base */ = {isa = PBXFileReference; lastKnownFileType = file.storyboard; name = Base; path = Base.lproj/LaunchScreen.storyboard; sourceTree = "<group>"; };
		188E79A22B0420C200CBAF36 /* Info.plist */ = {isa = PBXFileReference; lastKnownFileType = text.plist.xml; path = Info.plist; sourceTree = "<group>"; };
		188E79A92B04231D00CBAF36 /* AppCoordinator.swift */ = {isa = PBXFileReference; lastKnownFileType = sourcecode.swift; path = AppCoordinator.swift; sourceTree = "<group>"; };
		188E79B32B04243800CBAF36 /* BooksCellViewModel.swift */ = {isa = PBXFileReference; lastKnownFileType = sourcecode.swift; path = BooksCellViewModel.swift; sourceTree = "<group>"; };
		18EC94472B04F8D800B9E432 /* ControllerFactory.swift */ = {isa = PBXFileReference; lastKnownFileType = sourcecode.swift; path = ControllerFactory.swift; sourceTree = "<group>"; };
		18EC944A2B05029700B9E432 /* BooksCollectionViewCell.swift */ = {isa = PBXFileReference; lastKnownFileType = sourcecode.swift; path = BooksCollectionViewCell.swift; sourceTree = "<group>"; };
		18EC944E2B05335800B9E432 /* Constants.swift */ = {isa = PBXFileReference; lastKnownFileType = sourcecode.swift; path = Constants.swift; sourceTree = "<group>"; };
		18EC94522B05385800B9E432 /* BooksViewModel.swift */ = {isa = PBXFileReference; lastKnownFileType = sourcecode.swift; path = BooksViewModel.swift; sourceTree = "<group>"; };
		18EC94552B05391300B9E432 /* UserManager.swift */ = {isa = PBXFileReference; lastKnownFileType = sourcecode.swift; path = UserManager.swift; sourceTree = "<group>"; };
		18EC94582B053A5300B9E432 /* RegistrationViewController.swift */ = {isa = PBXFileReference; lastKnownFileType = sourcecode.swift; path = RegistrationViewController.swift; sourceTree = "<group>"; };
		18EC945A2B053ACB00B9E432 /* RegistrationViewModel.swift */ = {isa = PBXFileReference; lastKnownFileType = sourcecode.swift; path = RegistrationViewModel.swift; sourceTree = "<group>"; };
		18EC945E2B05443400B9E432 /* TextFieldsCollectionViewCell.swift */ = {isa = PBXFileReference; lastKnownFileType = sourcecode.swift; path = TextFieldsCollectionViewCell.swift; sourceTree = "<group>"; };
		18EC94622B0544C300B9E432 /* TextFieldsCollectionViewCellViewModel.swift */ = {isa = PBXFileReference; lastKnownFileType = sourcecode.swift; path = TextFieldsCollectionViewCellViewModel.swift; sourceTree = "<group>"; };
		18EC94662B05529800B9E432 /* SwitchCollectionViewCell.swift */ = {isa = PBXFileReference; lastKnownFileType = sourcecode.swift; path = SwitchCollectionViewCell.swift; sourceTree = "<group>"; };
		18EC94692B05553D00B9E432 /* ButtonCollectionViewCell.swift */ = {isa = PBXFileReference; lastKnownFileType = sourcecode.swift; path = ButtonCollectionViewCell.swift; sourceTree = "<group>"; };
/* End PBXFileReference section */

/* Begin PBXFrameworksBuildPhase section */
		188E798E2B0420C000CBAF36 /* Frameworks */ = {
			isa = PBXFrameworksBuildPhase;
			buildActionMask = 2147483647;
			files = (
				1880880D2B06677A00B2A66E /* IQKeyboardManagerSwift in Frameworks */,
			);
			runOnlyForDeploymentPostprocessing = 0;
		};
/* End PBXFrameworksBuildPhase section */

/* Begin PBXGroup section */
		180AD35A2B056D5D00FE9B5F /* ViewModel */ = {
			isa = PBXGroup;
			children = (
				18EC945A2B053ACB00B9E432 /* RegistrationViewModel.swift */,
			);
			path = ViewModel;
			sourceTree = "<group>";
		};
		180AD35B2B056DD200FE9B5F /* Main */ = {
			isa = PBXGroup;
			children = (
				180AD35C2B056DE200FE9B5F /* MainViewController.swift */,
				180AD35E2B056DF400FE9B5F /* MainViewModel.swift */,
			);
			path = Main;
			sourceTree = "<group>";
		};
		188088052B063FAF00B2A66E /* ViewController */ = {
			isa = PBXGroup;
			children = (
				188E79982B0420C000CBAF36 /* BooksViewController.swift */,
				188088062B063FC700B2A66E /* BookViewController.swift */,
			);
			path = ViewController;
			sourceTree = "<group>";
		};
		1880880A2B06425500B2A66E /* BooksPdfs */ = {
			isa = PBXGroup;
			children = (
				188088082B06421F00B2A66E /* richDad.pdf */,
			);
			path = BooksPdfs;
			sourceTree = "<group>";
		};
		1880880E2B06696C00B2A66E /* View */ = {
			isa = PBXGroup;
			children = (
				1880880F2B06697900B2A66E /* TextField.swift */,
			);
			path = View;
			sourceTree = "<group>";
		};
		188088152B08083700B2A66E /* MapService */ = {
			isa = PBXGroup;
			children = (
				188088112B069D5000B2A66E /* MapService.swift */,
			);
			path = MapService;
			sourceTree = "<group>";
		};
		188E79882B0420C000CBAF36 = {
			isa = PBXGroup;
			children = (
				188E79932B0420C000CBAF36 /* Tozbe */,
				188E79922B0420C000CBAF36 /* Products */,
			);
			sourceTree = "<group>";
		};
		188E79922B0420C000CBAF36 /* Products */ = {
			isa = PBXGroup;
			children = (
				188E79912B0420C000CBAF36 /* Tozbe.app */,
			);
			name = Products;
			sourceTree = "<group>";
		};
		188E79932B0420C000CBAF36 /* Tozbe */ = {
			isa = PBXGroup;
			children = (
				188E79A82B04230A00CBAF36 /* Coordinators */,
				188E79AB2B04232100CBAF36 /* Modules */,
				1880880E2B06696C00B2A66E /* View */,
				188E79B22B0423F100CBAF36 /* Services */,
				18EC946B2B055DBF00B9E432 /* Model */,
				188E79AC2B04233700CBAF36 /* Common */,
				188E79A22B0420C200CBAF36 /* Info.plist */,
			);
			path = Tozbe;
			sourceTree = "<group>";
		};
		188E79A82B04230A00CBAF36 /* Coordinators */ = {
			isa = PBXGroup;
			children = (
				188E79A92B04231D00CBAF36 /* AppCoordinator.swift */,
			);
			path = Coordinators;
			sourceTree = "<group>";
		};
		188E79AB2B04232100CBAF36 /* Modules */ = {
			isa = PBXGroup;
			children = (
				180AD35B2B056DD200FE9B5F /* Main */,
				18EC94572B053A4300B9E432 /* Registration */,
				188E79B12B0423C300CBAF36 /* Books */,
			);
			path = Modules;
			sourceTree = "<group>";
		};
		188E79AC2B04233700CBAF36 /* Common */ = {
			isa = PBXGroup;
			children = (
				18EC944D2B05334800B9E432 /* Constants */,
				188E79AD2B04233C00CBAF36 /* Application */,
				188E79AE2B04235100CBAF36 /* Resources */,
			);
			path = Common;
			sourceTree = "<group>";
		};
		188E79AD2B04233C00CBAF36 /* Application */ = {
			isa = PBXGroup;
			children = (
				188E79942B0420C000CBAF36 /* AppDelegate.swift */,
				188E79962B0420C000CBAF36 /* SceneDelegate.swift */,
			);
			path = Application;
			sourceTree = "<group>";
		};
		188E79AE2B04235100CBAF36 /* Resources */ = {
			isa = PBXGroup;
			children = (
				1880880A2B06425500B2A66E /* BooksPdfs */,
				188E799D2B0420C200CBAF36 /* Assets.xcassets */,
				188E799F2B0420C200CBAF36 /* LaunchScreen.storyboard */,
			);
			path = Resources;
			sourceTree = "<group>";
		};
		188E79B12B0423C300CBAF36 /* Books */ = {
			isa = PBXGroup;
			children = (
				188088052B063FAF00B2A66E /* ViewController */,
				18EC94512B0537DE00B9E432 /* ViewModel */,
				18EC94492B05027500B9E432 /* View */,
			);
			path = Books;
			sourceTree = "<group>";
		};
		188E79B22B0423F100CBAF36 /* Services */ = {
			isa = PBXGroup;
			children = (
				188088152B08083700B2A66E /* MapService */,
				18EC94542B0538FB00B9E432 /* UserManager */,
				18EC94462B04F8CA00B9E432 /* ControllerFactory */,
			);
			path = Services;
			sourceTree = "<group>";
		};
		18EC94462B04F8CA00B9E432 /* ControllerFactory */ = {
			isa = PBXGroup;
			children = (
				18EC94472B04F8D800B9E432 /* ControllerFactory.swift */,
			);
			path = ControllerFactory;
			sourceTree = "<group>";
		};
		18EC94492B05027500B9E432 /* View */ = {
			isa = PBXGroup;
			children = (
				18EC944A2B05029700B9E432 /* BooksCollectionViewCell.swift */,
			);
			path = View;
			sourceTree = "<group>";
		};
		18EC944D2B05334800B9E432 /* Constants */ = {
			isa = PBXGroup;
			children = (
				18EC944E2B05335800B9E432 /* Constants.swift */,
			);
			path = Constants;
			sourceTree = "<group>";
		};
		18EC94512B0537DE00B9E432 /* ViewModel */ = {
			isa = PBXGroup;
			children = (
				18EC94522B05385800B9E432 /* BooksViewModel.swift */,
				188E79B32B04243800CBAF36 /* BooksCellViewModel.swift */,
			);
			path = ViewModel;
			sourceTree = "<group>";
		};
		18EC94542B0538FB00B9E432 /* UserManager */ = {
			isa = PBXGroup;
			children = (
				18EC94552B05391300B9E432 /* UserManager.swift */,
			);
			path = UserManager;
			sourceTree = "<group>";
		};
		18EC94572B053A4300B9E432 /* Registration */ = {
			isa = PBXGroup;
			children = (
				18EC94582B053A5300B9E432 /* RegistrationViewController.swift */,
				180AD35A2B056D5D00FE9B5F /* ViewModel */,
				18EC945C2B0543FE00B9E432 /* Views */,
			);
			path = Registration;
			sourceTree = "<group>";
		};
		18EC945C2B0543FE00B9E432 /* Views */ = {
			isa = PBXGroup;
			children = (
				18EC945D2B05440300B9E432 /* Cells */,
			);
			path = Views;
			sourceTree = "<group>";
		};
		18EC945D2B05440300B9E432 /* Cells */ = {
			isa = PBXGroup;
			children = (
				18EC94642B05525A00B9E432 /* Fields */,
				18EC94652B05527400B9E432 /* Switch */,
				18EC94682B05553100B9E432 /* Button */,
			);
			path = Cells;
			sourceTree = "<group>";
		};
		18EC94642B05525A00B9E432 /* Fields */ = {
			isa = PBXGroup;
			children = (
				18EC945E2B05443400B9E432 /* TextFieldsCollectionViewCell.swift */,
				18EC94622B0544C300B9E432 /* TextFieldsCollectionViewCellViewModel.swift */,
			);
			path = Fields;
			sourceTree = "<group>";
		};
		18EC94652B05527400B9E432 /* Switch */ = {
			isa = PBXGroup;
			children = (
				18EC94662B05529800B9E432 /* SwitchCollectionViewCell.swift */,
			);
			path = Switch;
			sourceTree = "<group>";
		};
		18EC94682B05553100B9E432 /* Button */ = {
			isa = PBXGroup;
			children = (
				18EC94692B05553D00B9E432 /* ButtonCollectionViewCell.swift */,
			);
			path = Button;
			sourceTree = "<group>";
		};
		18EC946B2B055DBF00B9E432 /* Model */ = {
			isa = PBXGroup;
			children = (
				180AD3582B055E0F00FE9B5F /* UserModel.swift */,
			);
			path = Model;
			sourceTree = "<group>";
		};
/* End PBXGroup section */

/* Begin PBXNativeTarget section */
		188E79902B0420C000CBAF36 /* Tozbe */ = {
			isa = PBXNativeTarget;
			buildConfigurationList = 188E79A52B0420C200CBAF36 /* Build configuration list for PBXNativeTarget "Tozbe" */;
			buildPhases = (
				188E798D2B0420C000CBAF36 /* Sources */,
				188E798E2B0420C000CBAF36 /* Frameworks */,
				188E798F2B0420C000CBAF36 /* Resources */,
			);
			buildRules = (
			);
			dependencies = (
			);
			name = Tozbe;
			packageProductDependencies = (
				1880880C2B06677A00B2A66E /* IQKeyboardManagerSwift */,
			);
			productName = Tozbe;
			productReference = 188E79912B0420C000CBAF36 /* Tozbe.app */;
			productType = "com.apple.product-type.application";
		};
/* End PBXNativeTarget section */

/* Begin PBXProject section */
		188E79892B0420C000CBAF36 /* Project object */ = {
			isa = PBXProject;
			attributes = {
				BuildIndependentTargetsInParallel = 1;
				LastSwiftUpdateCheck = 1420;
				LastUpgradeCheck = 1420;
				TargetAttributes = {
					188E79902B0420C000CBAF36 = {
						CreatedOnToolsVersion = 14.2;
					};
				};
			};
			buildConfigurationList = 188E798C2B0420C000CBAF36 /* Build configuration list for PBXProject "Tozbe" */;
			compatibilityVersion = "Xcode 14.0";
			developmentRegion = en;
			hasScannedForEncodings = 0;
			knownRegions = (
				en,
				Base,
			);
			mainGroup = 188E79882B0420C000CBAF36;
			packageReferences = (
				1880880B2B06677A00B2A66E /* XCRemoteSwiftPackageReference "IQKeyboardManager" */,
			);
			productRefGroup = 188E79922B0420C000CBAF36 /* Products */;
			projectDirPath = "";
			projectRoot = "";
			targets = (
				188E79902B0420C000CBAF36 /* Tozbe */,
			);
		};
/* End PBXProject section */

/* Begin PBXResourcesBuildPhase section */
		188E798F2B0420C000CBAF36 /* Resources */ = {
			isa = PBXResourcesBuildPhase;
			buildActionMask = 2147483647;
			files = (
				188E79A12B0420C200CBAF36 /* LaunchScreen.storyboard in Resources */,
				188E799E2B0420C200CBAF36 /* Assets.xcassets in Resources */,
				188088092B06421F00B2A66E /* richDad.pdf in Resources */,
			);
			runOnlyForDeploymentPostprocessing = 0;
		};
/* End PBXResourcesBuildPhase section */

/* Begin PBXSourcesBuildPhase section */
		188E798D2B0420C000CBAF36 /* Sources */ = {
			isa = PBXSourcesBuildPhase;
			buildActionMask = 2147483647;
			files = (
				180AD3592B055E0F00FE9B5F /* UserModel.swift in Sources */,
				18EC94632B0544C300B9E432 /* TextFieldsCollectionViewCellViewModel.swift in Sources */,
				188E79AA2B04231D00CBAF36 /* AppCoordinator.swift in Sources */,
				188088102B06697900B2A66E /* TextField.swift in Sources */,
				18EC945B2B053ACB00B9E432 /* RegistrationViewModel.swift in Sources */,
				18EC94592B053A5300B9E432 /* RegistrationViewController.swift in Sources */,
				18EC945F2B05443400B9E432 /* TextFieldsCollectionViewCell.swift in Sources */,
				188E79B42B04243800CBAF36 /* BooksCellViewModel.swift in Sources */,
				188E79992B0420C000CBAF36 /* BooksViewController.swift in Sources */,
				188E79952B0420C000CBAF36 /* AppDelegate.swift in Sources */,
				188E79972B0420C000CBAF36 /* SceneDelegate.swift in Sources */,
				18EC944B2B05029700B9E432 /* BooksCollectionViewCell.swift in Sources */,
				18EC94482B04F8D800B9E432 /* ControllerFactory.swift in Sources */,
				18EC94532B05385800B9E432 /* BooksViewModel.swift in Sources */,
				180AD35F2B056DF400FE9B5F /* MainViewModel.swift in Sources */,
				18EC946A2B05553D00B9E432 /* ButtonCollectionViewCell.swift in Sources */,
				188088122B069D5000B2A66E /* MapService.swift in Sources */,
				18EC94562B05391300B9E432 /* UserManager.swift in Sources */,
				180AD35D2B056DE200FE9B5F /* MainViewController.swift in Sources */,
				188088072B063FC700B2A66E /* BookViewController.swift in Sources */,
				18EC944F2B05335800B9E432 /* Constants.swift in Sources */,
				18EC94672B05529800B9E432 /* SwitchCollectionViewCell.swift in Sources */,
			);
			runOnlyForDeploymentPostprocessing = 0;
		};
/* End PBXSourcesBuildPhase section */

/* Begin PBXVariantGroup section */
		188E799F2B0420C200CBAF36 /* LaunchScreen.storyboard */ = {
			isa = PBXVariantGroup;
			children = (
				188E79A02B0420C200CBAF36 /* Base */,
			);
			name = LaunchScreen.storyboard;
			sourceTree = "<group>";
		};
/* End PBXVariantGroup section */

/* Begin XCBuildConfiguration section */
		188E79A32B0420C200CBAF36 /* Debug */ = {
			isa = XCBuildConfiguration;
			buildSettings = {
				ALWAYS_SEARCH_USER_PATHS = NO;
				CLANG_ANALYZER_NONNULL = YES;
				CLANG_ANALYZER_NUMBER_OBJECT_CONVERSION = YES_AGGRESSIVE;
				CLANG_CXX_LANGUAGE_STANDARD = "gnu++20";
				CLANG_ENABLE_MODULES = YES;
				CLANG_ENABLE_OBJC_ARC = YES;
				CLANG_ENABLE_OBJC_WEAK = YES;
				CLANG_WARN_BLOCK_CAPTURE_AUTORELEASING = YES;
				CLANG_WARN_BOOL_CONVERSION = YES;
				CLANG_WARN_COMMA = YES;
				CLANG_WARN_CONSTANT_CONVERSION = YES;
				CLANG_WARN_DEPRECATED_OBJC_IMPLEMENTATIONS = YES;
				CLANG_WARN_DIRECT_OBJC_ISA_USAGE = YES_ERROR;
				CLANG_WARN_DOCUMENTATION_COMMENTS = YES;
				CLANG_WARN_EMPTY_BODY = YES;
				CLANG_WARN_ENUM_CONVERSION = YES;
				CLANG_WARN_INFINITE_RECURSION = YES;
				CLANG_WARN_INT_CONVERSION = YES;
				CLANG_WARN_NON_LITERAL_NULL_CONVERSION = YES;
				CLANG_WARN_OBJC_IMPLICIT_RETAIN_SELF = YES;
				CLANG_WARN_OBJC_LITERAL_CONVERSION = YES;
				CLANG_WARN_OBJC_ROOT_CLASS = YES_ERROR;
				CLANG_WARN_QUOTED_INCLUDE_IN_FRAMEWORK_HEADER = YES;
				CLANG_WARN_RANGE_LOOP_ANALYSIS = YES;
				CLANG_WARN_STRICT_PROTOTYPES = YES;
				CLANG_WARN_SUSPICIOUS_MOVE = YES;
				CLANG_WARN_UNGUARDED_AVAILABILITY = YES_AGGRESSIVE;
				CLANG_WARN_UNREACHABLE_CODE = YES;
				CLANG_WARN__DUPLICATE_METHOD_MATCH = YES;
				COPY_PHASE_STRIP = NO;
				DEBUG_INFORMATION_FORMAT = dwarf;
				ENABLE_STRICT_OBJC_MSGSEND = YES;
				ENABLE_TESTABILITY = YES;
				GCC_C_LANGUAGE_STANDARD = gnu11;
				GCC_DYNAMIC_NO_PIC = NO;
				GCC_NO_COMMON_BLOCKS = YES;
				GCC_OPTIMIZATION_LEVEL = 0;
				GCC_PREPROCESSOR_DEFINITIONS = (
					"DEBUG=1",
					"$(inherited)",
				);
				GCC_WARN_64_TO_32_BIT_CONVERSION = YES;
				GCC_WARN_ABOUT_RETURN_TYPE = YES_ERROR;
				GCC_WARN_UNDECLARED_SELECTOR = YES;
				GCC_WARN_UNINITIALIZED_AUTOS = YES_AGGRESSIVE;
				GCC_WARN_UNUSED_FUNCTION = YES;
				GCC_WARN_UNUSED_VARIABLE = YES;
				IPHONEOS_DEPLOYMENT_TARGET = 16.0;
				MTL_ENABLE_DEBUG_INFO = INCLUDE_SOURCE;
				MTL_FAST_MATH = YES;
				ONLY_ACTIVE_ARCH = YES;
				SDKROOT = iphoneos;
				SWIFT_ACTIVE_COMPILATION_CONDITIONS = DEBUG;
				SWIFT_OPTIMIZATION_LEVEL = "-Onone";
			};
			name = Debug;
		};
		188E79A42B0420C200CBAF36 /* Release */ = {
			isa = XCBuildConfiguration;
			buildSettings = {
				ALWAYS_SEARCH_USER_PATHS = NO;
				CLANG_ANALYZER_NONNULL = YES;
				CLANG_ANALYZER_NUMBER_OBJECT_CONVERSION = YES_AGGRESSIVE;
				CLANG_CXX_LANGUAGE_STANDARD = "gnu++20";
				CLANG_ENABLE_MODULES = YES;
				CLANG_ENABLE_OBJC_ARC = YES;
				CLANG_ENABLE_OBJC_WEAK = YES;
				CLANG_WARN_BLOCK_CAPTURE_AUTORELEASING = YES;
				CLANG_WARN_BOOL_CONVERSION = YES;
				CLANG_WARN_COMMA = YES;
				CLANG_WARN_CONSTANT_CONVERSION = YES;
				CLANG_WARN_DEPRECATED_OBJC_IMPLEMENTATIONS = YES;
				CLANG_WARN_DIRECT_OBJC_ISA_USAGE = YES_ERROR;
				CLANG_WARN_DOCUMENTATION_COMMENTS = YES;
				CLANG_WARN_EMPTY_BODY = YES;
				CLANG_WARN_ENUM_CONVERSION = YES;
				CLANG_WARN_INFINITE_RECURSION = YES;
				CLANG_WARN_INT_CONVERSION = YES;
				CLANG_WARN_NON_LITERAL_NULL_CONVERSION = YES;
				CLANG_WARN_OBJC_IMPLICIT_RETAIN_SELF = YES;
				CLANG_WARN_OBJC_LITERAL_CONVERSION = YES;
				CLANG_WARN_OBJC_ROOT_CLASS = YES_ERROR;
				CLANG_WARN_QUOTED_INCLUDE_IN_FRAMEWORK_HEADER = YES;
				CLANG_WARN_RANGE_LOOP_ANALYSIS = YES;
				CLANG_WARN_STRICT_PROTOTYPES = YES;
				CLANG_WARN_SUSPICIOUS_MOVE = YES;
				CLANG_WARN_UNGUARDED_AVAILABILITY = YES_AGGRESSIVE;
				CLANG_WARN_UNREACHABLE_CODE = YES;
				CLANG_WARN__DUPLICATE_METHOD_MATCH = YES;
				COPY_PHASE_STRIP = NO;
				DEBUG_INFORMATION_FORMAT = "dwarf-with-dsym";
				ENABLE_NS_ASSERTIONS = NO;
				ENABLE_STRICT_OBJC_MSGSEND = YES;
				GCC_C_LANGUAGE_STANDARD = gnu11;
				GCC_NO_COMMON_BLOCKS = YES;
				GCC_WARN_64_TO_32_BIT_CONVERSION = YES;
				GCC_WARN_ABOUT_RETURN_TYPE = YES_ERROR;
				GCC_WARN_UNDECLARED_SELECTOR = YES;
				GCC_WARN_UNINITIALIZED_AUTOS = YES_AGGRESSIVE;
				GCC_WARN_UNUSED_FUNCTION = YES;
				GCC_WARN_UNUSED_VARIABLE = YES;
				IPHONEOS_DEPLOYMENT_TARGET = 16.0;
				MTL_ENABLE_DEBUG_INFO = NO;
				MTL_FAST_MATH = YES;
				SDKROOT = iphoneos;
				SWIFT_COMPILATION_MODE = wholemodule;
				SWIFT_OPTIMIZATION_LEVEL = "-O";
				VALIDATE_PRODUCT = YES;
			};
			name = Release;
		};
		188E79A62B0420C200CBAF36 /* Debug */ = {
			isa = XCBuildConfiguration;
			buildSettings = {
				ASSETCATALOG_COMPILER_APPICON_NAME = AppIcon;
				ASSETCATALOG_COMPILER_GLOBAL_ACCENT_COLOR_NAME = AccentColor;
				CODE_SIGN_STYLE = Automatic;
				CURRENT_PROJECT_VERSION = 1;
				DEVELOPMENT_TEAM = R82UJBY7FF;
				GENERATE_INFOPLIST_FILE = YES;
				INFOPLIST_FILE = Tozbe/Info.plist;
				INFOPLIST_KEY_NSLocationWhenInUseUsageDescription = "please allow on location usage";
				INFOPLIST_KEY_UIApplicationSupportsIndirectInputEvents = YES;
				INFOPLIST_KEY_UILaunchStoryboardName = LaunchScreen;
				INFOPLIST_KEY_UISupportedInterfaceOrientations_iPad = "UIInterfaceOrientationPortrait UIInterfaceOrientationPortraitUpsideDown UIInterfaceOrientationLandscapeLeft UIInterfaceOrientationLandscapeRight";
				INFOPLIST_KEY_UISupportedInterfaceOrientations_iPhone = "UIInterfaceOrientationPortrait UIInterfaceOrientationLandscapeLeft UIInterfaceOrientationLandscapeRight";
				LD_RUNPATH_SEARCH_PATHS = (
					"$(inherited)",
					"@executable_path/Frameworks",
				);
				MARKETING_VERSION = 1.0;
				PRODUCT_BUNDLE_IDENTIFIER = com.arturImanbaev.Tozbe;
				PRODUCT_NAME = "$(TARGET_NAME)";
				SWIFT_EMIT_LOC_STRINGS = YES;
				SWIFT_VERSION = 5.0;
				TARGETED_DEVICE_FAMILY = "1,2";
			};
			name = Debug;
		};
		188E79A72B0420C200CBAF36 /* Release */ = {
			isa = XCBuildConfiguration;
			buildSettings = {
				ASSETCATALOG_COMPILER_APPICON_NAME = AppIcon;
				ASSETCATALOG_COMPILER_GLOBAL_ACCENT_COLOR_NAME = AccentColor;
				CODE_SIGN_STYLE = Automatic;
				CURRENT_PROJECT_VERSION = 1;
				DEVELOPMENT_TEAM = R82UJBY7FF;
				GENERATE_INFOPLIST_FILE = YES;
				INFOPLIST_FILE = Tozbe/Info.plist;
				INFOPLIST_KEY_NSLocationWhenInUseUsageDescription = "please allow on location usage";
				INFOPLIST_KEY_UIApplicationSupportsIndirectInputEvents = YES;
				INFOPLIST_KEY_UILaunchStoryboardName = LaunchScreen;
				INFOPLIST_KEY_UISupportedInterfaceOrientations_iPad = "UIInterfaceOrientationPortrait UIInterfaceOrientationPortraitUpsideDown UIInterfaceOrientationLandscapeLeft UIInterfaceOrientationLandscapeRight";
				INFOPLIST_KEY_UISupportedInterfaceOrientations_iPhone = "UIInterfaceOrientationPortrait UIInterfaceOrientationLandscapeLeft UIInterfaceOrientationLandscapeRight";
				LD_RUNPATH_SEARCH_PATHS = (
					"$(inherited)",
					"@executable_path/Frameworks",
				);
				MARKETING_VERSION = 1.0;
				PRODUCT_BUNDLE_IDENTIFIER = com.arturImanbaev.Tozbe;
				PRODUCT_NAME = "$(TARGET_NAME)";
				SWIFT_EMIT_LOC_STRINGS = YES;
				SWIFT_VERSION = 5.0;
				TARGETED_DEVICE_FAMILY = "1,2";
			};
			name = Release;
		};
/* End XCBuildConfiguration section */

/* Begin XCConfigurationList section */
		188E798C2B0420C000CBAF36 /* Build configuration list for PBXProject "Tozbe" */ = {
			isa = XCConfigurationList;
			buildConfigurations = (
				188E79A32B0420C200CBAF36 /* Debug */,
				188E79A42B0420C200CBAF36 /* Release */,
			);
			defaultConfigurationIsVisible = 0;
			defaultConfigurationName = Release;
		};
		188E79A52B0420C200CBAF36 /* Build configuration list for PBXNativeTarget "Tozbe" */ = {
			isa = XCConfigurationList;
			buildConfigurations = (
				188E79A62B0420C200CBAF36 /* Debug */,
				188E79A72B0420C200CBAF36 /* Release */,
			);
			defaultConfigurationIsVisible = 0;
			defaultConfigurationName = Release;
		};
/* End XCConfigurationList section */

/* Begin XCRemoteSwiftPackageReference section */
		1880880B2B06677A00B2A66E /* XCRemoteSwiftPackageReference "IQKeyboardManager" */ = {
			isa = XCRemoteSwiftPackageReference;
			repositoryURL = "https://github.com/hackiftekhar/IQKeyboardManager.git";
			requirement = {
				branch = master;
				kind = branch;
			};
		};
/* End XCRemoteSwiftPackageReference section */

/* Begin XCSwiftPackageProductDependency section */
		1880880C2B06677A00B2A66E /* IQKeyboardManagerSwift */ = {
			isa = XCSwiftPackageProductDependency;
			package = 1880880B2B06677A00B2A66E /* XCRemoteSwiftPackageReference "IQKeyboardManager" */;
			productName = IQKeyboardManagerSwift;
		};
/* End XCSwiftPackageProductDependency section */
	};
	rootObject = 188E79892B0420C000CBAF36 /* Project object */;
}
